
Microsoft Visual Studio Solution File, Format Version 12.00
# Visual Studio 15
VisualStudioVersion = 15.0.26430.15
MinimumVisualStudioVersion = 10.0.40219.1
Project("{FAE04EC0-301F-11D3-BF4B-00C04F79EFBC}") = "patterns.decorator", "patterns.decorator\patterns.decorator.csproj", "{52E088C0-F95C-48EC-A121-7812AEE7DFF5}"
EndProject
Project("{FAE04EC0-301F-11D3-BF4B-00C04F79EFBC}") = "patterns.decorator.tests", "patterns.decorator.tests\patterns.decorator.tests.csproj", "{E2FA5823-D968-4684-96B0-BB6339180CEC}"
EndProject
Global
	GlobalSection(SolutionConfigurationPlatforms) = preSolution
		Debug|Any CPU = Debug|Any CPU
		Release|Any CPU = Release|Any CPU
	EndGlobalSection
	GlobalSection(ProjectConfigurationPlatforms) = postSolution
		{52E088C0-F95C-48EC-A121-7812AEE7DFF5}.Debug|Any CPU.ActiveCfg = Debug|Any CPU
		{52E088C0-F95C-48EC-A121-7812AEE7DFF5}.Debug|Any CPU.Build.0 = Debug|Any CPU
		{52E088C0-F95C-48EC-A121-7812AEE7DFF5}.Release|Any CPU.ActiveCfg = Release|Any CPU
		{52E088C0-F95C-48EC-A121-7812AEE7DFF5}.Release|Any CPU.Build.0 = Release|Any CPU
		{E2FA5823-D968-4684-96B0-BB6339180CEC}.Debug|Any CPU.ActiveCfg = Debug|Any CPU
		{E2FA5823-D968-4684-96B0-BB6339180CEC}.Debug|Any CPU.Build.0 = Debug|Any CPU
		{E2FA5823-D968-4684-96B0-BB6339180CEC}.Release|Any CPU.ActiveCfg = Release|Any CPU
		{E2FA5823-D968-4684-96B0-BB6339180CEC}.Release|Any CPU.Build.0 = Release|Any CPU
	EndGlobalSection
	GlobalSection(SolutionProperties) = preSolution
		HideSolutionNode = FALSE
	EndGlobalSection
EndGlobal
